// !$*UTF8*$!
{
	archiveVersion = 1;
	classes = {
	};
	objectVersion = 46;
	objects = {

/* Begin PBXBuildFile section */
		352749221F1FBECA00B0917F /* AppDelegate.swift in Sources */ = {isa = PBXBuildFile; fileRef = 352749211F1FBECA00B0917F /* AppDelegate.swift */; };
		352749241F1FBECA00B0917F /* ViewController.swift in Sources */ = {isa = PBXBuildFile; fileRef = 352749231F1FBECA00B0917F /* ViewController.swift */; };
		352749271F1FBECA00B0917F /* Main.storyboard in Resources */ = {isa = PBXBuildFile; fileRef = 352749251F1FBECA00B0917F /* Main.storyboard */; };
		352749291F1FBECA00B0917F /* Assets.xcassets in Resources */ = {isa = PBXBuildFile; fileRef = 352749281F1FBECA00B0917F /* Assets.xcassets */; };
		3527492C1F1FBECA00B0917F /* LaunchScreen.storyboard in Resources */ = {isa = PBXBuildFile; fileRef = 3527492A1F1FBECA00B0917F /* LaunchScreen.storyboard */; };
		352749371F1FC25B00B0917F /* Localizable.strings in Resources */ = {isa = PBXBuildFile; fileRef = 352749391F1FC25B00B0917F /* Localizable.strings */; };
		3527493C1F1FC9F100B0917F /* Language.swift in Sources */ = {isa = PBXBuildFile; fileRef = 3527493B1F1FC9F100B0917F /* Language.swift */; };
		3527493E1F1FD24300B0917F /* ChangeLang.swift in Sources */ = {isa = PBXBuildFile; fileRef = 3527493D1F1FD24300B0917F /* ChangeLang.swift */; };
/* End PBXBuildFile section */

/* Begin PBXFileReference section */
		3527491E1F1FBECA00B0917F /* localizationApp.app */ = {isa = PBXFileReference; explicitFileType = wrapper.application; includeInIndex = 0; path = localizationApp.app; sourceTree = BUILT_PRODUCTS_DIR; };
		352749211F1FBECA00B0917F /* AppDelegate.swift */ = {isa = PBXFileReference; lastKnownFileType = sourcecode.swift; path = AppDelegate.swift; sourceTree = "<group>"; };
		352749231F1FBECA00B0917F /* ViewController.swift */ = {isa = PBXFileReference; lastKnownFileType = sourcecode.swift; path = ViewController.swift; sourceTree = "<group>"; };
		352749281F1FBECA00B0917F /* Assets.xcassets */ = {isa = PBXFileReference; lastKnownFileType = folder.assetcatalog; path = Assets.xcassets; sourceTree = "<group>"; };
		3527492B1F1FBECA00B0917F /* Base */ = {isa = PBXFileReference; lastKnownFileType = file.storyboard; name = Base; path = Base.lproj/LaunchScreen.storyboard; sourceTree = "<group>"; };
		3527492D1F1FBECA00B0917F /* Info.plist */ = {isa = PBXFileReference; lastKnownFileType = text.plist.xml; path = Info.plist; sourceTree = "<group>"; };
		352749381F1FC25B00B0917F /* ar */ = {isa = PBXFileReference; lastKnownFileType = text.plist.strings; name = ar; path = ar.lproj/Localizable.strings; sourceTree = "<group>"; };
		3527493B1F1FC9F100B0917F /* Language.swift */ = {isa = PBXFileReference; fileEncoding = 4; lastKnownFileType = sourcecode.swift; path = Language.swift; sourceTree = "<group>"; };
		3527493D1F1FD24300B0917F /* ChangeLang.swift */ = {isa = PBXFileReference; fileEncoding = 4; lastKnownFileType = sourcecode.swift; path = ChangeLang.swift; sourceTree = "<group>"; };
		3527493F1F1FD7DE00B0917F /* Base */ = {isa = PBXFileReference; lastKnownFileType = text.plist.strings; name = Base; path = Base.lproj/Localizable.strings; sourceTree = "<group>"; };
		352749411F1FDCB100B0917F /* ar */ = {isa = PBXFileReference; lastKnownFileType = file.storyboard; name = ar; path = ar.lproj/LaunchScreen.storyboard; sourceTree = "<group>"; };
		352749431F1FDCEB00B0917F /* Base */ = {isa = PBXFileReference; lastKnownFileType = file.storyboard; name = Base; path = Base.lproj/Main.storyboard; sourceTree = "<group>"; };
		352749451F1FDEA000B0917F /* ar */ = {isa = PBXFileReference; lastKnownFileType = text.plist.strings; name = ar; path = ar.lproj/Main.strings; sourceTree = "<group>"; };
/* End PBXFileReference section */

/* Begin PBXFrameworksBuildPhase section */
		3527491B1F1FBECA00B0917F /* Frameworks */ = {
			isa = PBXFrameworksBuildPhase;
			buildActionMask = 2147483647;
			files = (
			);
			runOnlyForDeploymentPostprocessing = 0;
		};
/* End PBXFrameworksBuildPhase section */

/* Begin PBXGroup section */
		352749151F1FBECA00B0917F = {
			isa = PBXGroup;
			children = (
				352749201F1FBECA00B0917F /* localizationApp */,
				3527491F1F1FBECA00B0917F /* Products */,
			);
			sourceTree = "<group>";
		};
		3527491F1F1FBECA00B0917F /* Products */ = {
			isa = PBXGroup;
			children = (
				3527491E1F1FBECA00B0917F /* localizationApp.app */,
			);
			name = Products;
			sourceTree = "<group>";
		};
		352749201F1FBECA00B0917F /* localizationApp */ = {
			isa = PBXGroup;
			children = (
				352749211F1FBECA00B0917F /* AppDelegate.swift */,
				352749231F1FBECA00B0917F /* ViewController.swift */,
				352749251F1FBECA00B0917F /* Main.storyboard */,
				352749281F1FBECA00B0917F /* Assets.xcassets */,
				3527492A1F1FBECA00B0917F /* LaunchScreen.storyboard */,
				3527492D1F1FBECA00B0917F /* Info.plist */,
				352749391F1FC25B00B0917F /* Localizable.strings */,
				3527493B1F1FC9F100B0917F /* Language.swift */,
				3527493D1F1FD24300B0917F /* ChangeLang.swift */,
			);
			path = localizationApp;
			sourceTree = "<group>";
		};
/* End PBXGroup section */

/* Begin PBXNativeTarget section */
		3527491D1F1FBECA00B0917F /* localizationApp */ = {
			isa = PBXNativeTarget;
			buildConfigurationList = 352749301F1FBECA00B0917F /* Build configuration list for PBXNativeTarget "localizationApp" */;
			buildPhases = (
				3527491A1F1FBECA00B0917F /* Sources */,
				3527491B1F1FBECA00B0917F /* Frameworks */,
				3527491C1F1FBECA00B0917F /* Resources */,
			);
			buildRules = (
			);
			dependencies = (
			);
			name = localizationApp;
			productName = localizationApp;
			productReference = 3527491E1F1FBECA00B0917F /* localizationApp.app */;
			productType = "com.apple.product-type.application";
		};
/* End PBXNativeTarget section */

/* Begin PBXProject section */
		352749161F1FBECA00B0917F /* Project object */ = {
			isa = PBXProject;
			attributes = {
				LastSwiftUpdateCheck = 0830;
				LastUpgradeCheck = 0830;
				ORGANIZATIONNAME = adelRadwan;
				TargetAttributes = {
					3527491D1F1FBECA00B0917F = {
						CreatedOnToolsVersion = 8.3.2;
						DevelopmentTeam = NJ8G3XCGH4;
						ProvisioningStyle = Automatic;
					};
				};
			};
			buildConfigurationList = 352749191F1FBECA00B0917F /* Build configuration list for PBXProject "localizationApp" */;
			compatibilityVersion = "Xcode 3.2";
			developmentRegion = English;
			hasScannedForEncodings = 0;
			knownRegions = (
				en,
				Base,
			);
			mainGroup = 352749151F1FBECA00B0917F;
			productRefGroup = 3527491F1F1FBECA00B0917F /* Products */;
			projectDirPath = "";
			projectRoot = "";
			targets = (
				3527491D1F1FBECA00B0917F /* localizationApp */,
			);
		};
/* End PBXProject section */

/* Begin PBXResourcesBuildPhase section */
		3527491C1F1FBECA00B0917F /* Resources */ = {
			isa = PBXResourcesBuildPhase;
			buildActionMask = 2147483647;
			files = (
				3527492C1F1FBECA00B0917F /* LaunchScreen.storyboard in Resources */,
				352749371F1FC25B00B0917F /* Localizable.strings in Resources */,
				352749291F1FBECA00B0917F /* Assets.xcassets in Resources */,
				352749271F1FBECA00B0917F /* Main.storyboard in Resources */,
			);
			runOnlyForDeploymentPostprocessing = 0;
		};
/* End PBXResourcesBuildPhase section */

/* Begin PBXSourcesBuildPhase section */
		3527491A1F1FBECA00B0917F /* Sources */ = {
			isa = PBXSourcesBuildPhase;
			buildActionMask = 2147483647;
			files = (
				3527493C1F1FC9F100B0917F /* Language.swift in Sources */,
				352749241F1FBECA00B0917F /* ViewController.swift in Sources */,
				352749221F1FBECA00B0917F /* AppDelegate.swift in Sources */,
				3527493E1F1FD24300B0917F /* ChangeLang.swift in Sources */,
			);
			runOnlyForDeploymentPostprocessing = 0;
		};
/* End PBXSourcesBuildPhase section */

/* Begin PBXVariantGroup section */
		352749251F1FBECA00B0917F /* Main.storyboard */ = {
			isa = PBXVariantGroup;
			children = (
				352749431F1FDCEB00B0917F /* Base */,
				352749451F1FDEA000B0917F /* ar */,
			);
			name = Main.storyboard;
			sourceTree = "<group>";
		};
		3527492A1F1FBECA00B0917F /* LaunchScreen.storyboard */ = {
			isa = PBXVariantGroup;
			children = (
				3527492B1F1FBECA00B0917F /* Base */,
				352749411F1FDCB100B0917F /* ar */,
			);
			name = LaunchScreen.storyboard;
			sourceTree = "<group>";
		};
		352749391F1FC25B00B0917F /* Localizable.strings */ = {
			isa = PBXVariantGroup;
			children = (
				352749381F1FC25B00B0917F /* ar */,
				3527493F1F1FD7DE00B0917F /* Base */,
			);
			name = Localizable.strings;
			sourceTree = "<group>";
		};
/* End PBXVariantGroup section */

/* Begin XCBuildConfiguration section */
		3527492E1F1FBECA00B0917F /* Debug */ = {
			isa = XCBuildConfiguration;
			buildSettings = {
				ALWAYS_SEARCH_USER_PATHS = NO;
				CLANG_ANALYZER_LOCALIZABILITY_NONLOCALIZED = YES;
				CLANG_ANALYZER_NONNULL = YES;
				CLANG_ANALYZER_NUMBER_OBJECT_CONVERSION = YES_AGGRESSIVE;
				CLANG_CXX_LANGUAGE_STANDARD = "gnu++0x";
				CLANG_CXX_LIBRARY = "libc++";
				CLANG_ENABLE_MODULES = YES;
				CLANG_ENABLE_OBJC_ARC = YES;
				CLANG_WARN_BOOL_CONVERSION = YES;
				CLANG_WARN_CONSTANT_CONVERSION = YES;
				CLANG_WARN_DIRECT_OBJC_ISA_USAGE = YES_ERROR;
				CLANG_WARN_DOCUMENTATION_COMMENTS = YES;
				CLANG_WARN_EMPTY_BODY = YES;
				CLANG_WARN_ENUM_CONVERSION = YES;
				CLANG_WARN_INFINITE_RECURSION = YES;
				CLANG_WARN_INT_CONVERSION = YES;
				CLANG_WARN_OBJC_ROOT_CLASS = YES_ERROR;
				CLANG_WARN_SUSPICIOUS_MOVE = YES;
				CLANG_WARN_UNREACHABLE_CODE = YES;
				CLANG_WARN__DUPLICATE_METHOD_MATCH = YES;
				"CODE_SIGN_IDENTITY[sdk=iphoneos*]" = "iPhone Developer";
				COPY_PHASE_STRIP = NO;
				DEBUG_INFORMATION_FORMAT = dwarf;
				ENABLE_STRICT_OBJC_MSGSEND = YES;
				ENABLE_TESTABILITY = YES;
				GCC_C_LANGUAGE_STANDARD = gnu99;
				GCC_DYNAMIC_NO_PIC = NO;
				GCC_NO_COMMON_BLOCKS = YES;
				GCC_OPTIMIZATION_LEVEL = 0;
				GCC_PREPROCESSOR_DEFINITIONS = (
					"DEBUG=1",
					"$(inherited)",
				);
				GCC_WARN_64_TO_32_BIT_CONVERSION = YES;
				GCC_WARN_ABOUT_RETURN_TYPE = YES_ERROR;
				GCC_WARN_UNDECLARED_SELECTOR = YES;
				GCC_WARN_UNINITIALIZED_AUTOS = YES_AGGRESSIVE;
				GCC_WARN_UNUSED_FUNCTION = YES;
				GCC_WARN_UNUSED_VARIABLE = YES;
				IPHONEOS_DEPLOYMENT_TARGET = 10.3;
				MTL_ENABLE_DEBUG_INFO = YES;
				ONLY_ACTIVE_ARCH = YES;
				SDKROOT = iphoneos;
				SWIFT_ACTIVE_COMPILATION_CONDITIONS = DEBUG;
				SWIFT_OPTIMIZATION_LEVEL = "-Onone";
			};
			name = Debug;
		};
		3527492F1F1FBECA00B0917F /* Release */ = {
			isa = XCBuildConfiguration;
			buildSettings = {
				ALWAYS_SEARCH_USER_PATHS = NO;
				CLANG_ANALYZER_LOCALIZABILITY_NONLOCALIZED = YES;
				CLANG_ANALYZER_NONNULL = YES;
				CLANG_ANALYZER_NUMBER_OBJECT_CONVERSION = YES_AGGRESSIVE;
				CLANG_CXX_LANGUAGE_STANDARD = "gnu++0x";
				CLANG_CXX_LIBRARY = "libc++";
				CLANG_ENABLE_MODULES = YES;
				CLANG_ENABLE_OBJC_ARC = YES;
				CLANG_WARN_BOOL_CONVERSION = YES;
				CLANG_WARN_CONSTANT_CONVERSION = YES;
				CLANG_WARN_DIRECT_OBJC_ISA_USAGE = YES_ERROR;
				CLANG_WARN_DOCUMENTATION_COMMENTS = YES;
				CLANG_WARN_EMPTY_BODY = YES;
				CLANG_WARN_ENUM_CONVERSION = YES;
				CLANG_WARN_INFINITE_RECURSION = YES;
				CLANG_WARN_INT_CONVERSION = YES;
				CLANG_WARN_OBJC_ROOT_CLASS = YES_ERROR;
				CLANG_WARN_SUSPICIOUS_MOVE = YES;
				CLANG_WARN_UNREACHABLE_CODE = YES;
				CLANG_WARN__DUPLICATE_METHOD_MATCH = YES;
				"CODE_SIGN_IDENTITY[sdk=iphoneos*]" = "iPhone Developer";
				COPY_PHASE_STRIP = NO;
				DEBUG_INFORMATION_FORMAT = "dwarf-with-dsym";
				ENABLE_NS_ASSERTIONS = NO;
				ENABLE_STRICT_OBJC_MSGSEND = YES;
				GCC_C_LANGUAGE_STANDARD = gnu99;
				GCC_NO_COMMON_BLOCKS = YES;
				GCC_WARN_64_TO_32_BIT_CONVERSION = YES;
				GCC_WARN_ABOUT_RETURN_TYPE = YES_ERROR;
				GCC_WARN_UNDECLARED_SELECTOR = YES;
				GCC_WARN_UNINITIALIZED_AUTOS = YES_AGGRESSIVE;
				GCC_WARN_UNUSED_FUNCTION = YES;
				GCC_WARN_UNUSED_VARIABLE = YES;
				IPHONEOS_DEPLOYMENT_TARGET = 10.3;
				MTL_ENABLE_DEBUG_INFO = NO;
				SDKROOT = iphoneos;
				SWIFT_OPTIMIZATION_LEVEL = "-Owholemodule";
				VALIDATE_PRODUCT = YES;
			};
			name = Release;
		};
		352749311F1FBECA00B0917F /* Debug */ = {
			isa = XCBuildConfiguration;
			buildSettings = {
				ASSETCATALOG_COMPILER_APPICON_NAME = AppIcon;
				DEVELOPMENT_TEAM = NJ8G3XCGH4;
				INFOPLIST_FILE = localizationApp/Info.plist;
				LD_RUNPATH_SEARCH_PATHS = "$(inherited) @executable_path/Frameworks";
				PRODUCT_BUNDLE_IDENTIFIER = ttttt.localizationApp;
				PRODUCT_NAME = "$(TARGET_NAME)";
				SWIFT_VERSION = 3.0;
			};
			name = Debug;
		};
		352749321F1FBECA00B0917F /* Release */ = {
			isa = XCBuildConfiguration;
			buildSettings = {
				ASSETCATALOG_COMPILER_APPICON_NAME = AppIcon;
				DEVELOPMENT_TEAM = NJ8G3XCGH4;
				INFOPLIST_FILE = localizationApp/Info.plist;
				LD_RUNPATH_SEARCH_PATHS = "$(inherited) @executable_path/Frameworks";
				PRODUCT_BUNDLE_IDENTIFIER = ttttt.localizationApp;
				PRODUCT_NAME = "$(TARGET_NAME)";
				SWIFT_VERSION = 3.0;
			};
			name = Release;
		};
/* End XCBuildConfiguration section */

/* Begin XCConfigurationList section */
		352749191F1FBECA00B0917F /* Build configuration list for PBXProject "localizationApp" */ = {
			isa = XCConfigurationList;
			buildConfigurations = (
				3527492E1F1FBECA00B0917F /* Debug */,
				3527492F1F1FBECA00B0917F /* Release */,
			);
			defaultConfigurationIsVisible = 0;
			defaultConfigurationName = Release;
		};
		352749301F1FBECA00B0917F /* Build configuration list for PBXNativeTarget "localizationApp" */ = {
			isa = XCConfigurationList;
			buildConfigurations = (
				352749311F1FBECA00B0917F /* Debug */,
				352749321F1FBECA00B0917F /* Release */,
			);
			defaultConfigurationIsVisible = 0;
		};
/* End XCConfigurationList section */
	};
	rootObject = 352749161F1FBECA00B0917F /* Project object */;
}
